
Microsoft Visual Studio Solution File, Format Version 12.00
Project("{FAE04EC0-301F-11D3-BF4B-00C04F79EFBC}") = "JsonToVcard", "JsonToVcard\JsonToVcard.csproj", "{228B75A9-CFC5-4B59-8A8C-54622E8F40EB}"
EndProject
Global
	GlobalSection(SolutionConfigurationPlatforms) = preSolution
		Debug|Any CPU = Debug|Any CPU
		Release|Any CPU = Release|Any CPU
	EndGlobalSection
	GlobalSection(ProjectConfigurationPlatforms) = postSolution
		{228B75A9-CFC5-4B59-8A8C-54622E8F40EB}.Debug|Any CPU.ActiveCfg = Debug|Any CPU
		{228B75A9-CFC5-4B59-8A8C-54622E8F40EB}.Debug|Any CPU.Build.0 = Debug|Any CPU
		{228B75A9-CFC5-4B59-8A8C-54622E8F40EB}.Release|Any CPU.ActiveCfg = Release|Any CPU
		{228B75A9-CFC5-4B59-8A8C-54622E8F40EB}.Release|Any CPU.Build.0 = Release|Any CPU
	EndGlobalSection
EndGlobal
